// !$*UTF8*$!
{
	archiveVersion = 1;
	classes = {
	};
	objectVersion = 46;
	objects = {

/* Begin PBXBuildFile section */
		A2140712197C72B2004664B9 /* OHSNewsViewController.m in Sources */ = {isa = PBXBuildFile; fileRef = A2140711197C72B2004664B9 /* OHSNewsViewController.m */; };
		A2140715197C7367004664B9 /* OHSNewsArticle.m in Sources */ = {isa = PBXBuildFile; fileRef = A2140714197C7367004664B9 /* OHSNewsArticle.m */; };
		A23F4FFD19789F000053CEB0 /* Foundation.framework in Frameworks */ = {isa = PBXBuildFile; fileRef = A23F4FFC19789F000053CEB0 /* Foundation.framework */; };
		A23F4FFF19789F000053CEB0 /* CoreGraphics.framework in Frameworks */ = {isa = PBXBuildFile; fileRef = A23F4FFE19789F000053CEB0 /* CoreGraphics.framework */; };
		A23F500119789F000053CEB0 /* UIKit.framework in Frameworks */ = {isa = PBXBuildFile; fileRef = A23F500019789F000053CEB0 /* UIKit.framework */; };
		A23F500719789F000053CEB0 /* InfoPlist.strings in Resources */ = {isa = PBXBuildFile; fileRef = A23F500519789F000053CEB0 /* InfoPlist.strings */; };
		A23F500919789F000053CEB0 /* main.m in Sources */ = {isa = PBXBuildFile; fileRef = A23F500819789F000053CEB0 /* main.m */; };
		A23F500D19789F000053CEB0 /* OHSAppDelegate.m in Sources */ = {isa = PBXBuildFile; fileRef = A23F500C19789F000053CEB0 /* OHSAppDelegate.m */; };
		A23F501019789F000053CEB0 /* Main.storyboard in Resources */ = {isa = PBXBuildFile; fileRef = A23F500E19789F000053CEB0 /* Main.storyboard */; };
		A23F501819789F000053CEB0 /* Images.xcassets in Resources */ = {isa = PBXBuildFile; fileRef = A23F501719789F000053CEB0 /* Images.xcassets */; };
		A23F501F19789F000053CEB0 /* XCTest.framework in Frameworks */ = {isa = PBXBuildFile; fileRef = A23F501E19789F000053CEB0 /* XCTest.framework */; };
		A23F502019789F000053CEB0 /* Foundation.framework in Frameworks */ = {isa = PBXBuildFile; fileRef = A23F4FFC19789F000053CEB0 /* Foundation.framework */; };
		A23F502119789F000053CEB0 /* UIKit.framework in Frameworks */ = {isa = PBXBuildFile; fileRef = A23F500019789F000053CEB0 /* UIKit.framework */; };
		A23F502919789F000053CEB0 /* InfoPlist.strings in Resources */ = {isa = PBXBuildFile; fileRef = A23F502719789F000053CEB0 /* InfoPlist.strings */; };
		A23F502B19789F000053CEB0 /* OHSAppTests.m in Sources */ = {isa = PBXBuildFile; fileRef = A23F502A19789F000053CEB0 /* OHSAppTests.m */; };
		A251E2111997BB9200F7946A /* OHSWebsiteViewController.m in Sources */ = {isa = PBXBuildFile; fileRef = A251E2101997BB9200F7946A /* OHSWebsiteViewController.m */; };
		A251E2161997BDF800F7946A /* OHSCalendarViewController.m in Sources */ = {isa = PBXBuildFile; fileRef = A251E2151997BDF800F7946A /* OHSCalendarViewController.m */; };
		A251E21A1997C35000F7946A /* OHSMapViewController.m in Sources */ = {isa = PBXBuildFile; fileRef = A251E2191997C35000F7946A /* OHSMapViewController.m */; };
		A27895C31996D20A000390DC /* OHSArticleViewController.m in Sources */ = {isa = PBXBuildFile; fileRef = A27895C21996D20A000390DC /* OHSArticleViewController.m */; };
		A27895CA19970ACF000390DC /* XPathQuery.m in Sources */ = {isa = PBXBuildFile; fileRef = A27895C419970ACF000390DC /* XPathQuery.m */; };
		A27895CB19970ACF000390DC /* TFHpple.m in Sources */ = {isa = PBXBuildFile; fileRef = A27895C719970ACF000390DC /* TFHpple.m */; };
		A27895CC19970ACF000390DC /* TFHppleElement.m in Sources */ = {isa = PBXBuildFile; fileRef = A27895C919970ACF000390DC /* TFHppleElement.m */; };
		A2F4621A19970CFB00F734DA /* libxml2.dylib in Frameworks */ = {isa = PBXBuildFile; fileRef = A2F4621919970CFB00F734DA /* libxml2.dylib */; };
/* End PBXBuildFile section */

/* Begin PBXContainerItemProxy section */
		A23F502219789F000053CEB0 /* PBXContainerItemProxy */ = {
			isa = PBXContainerItemProxy;
			containerPortal = A23F4FF119789F000053CEB0 /* Project object */;
			proxyType = 1;
			remoteGlobalIDString = A23F4FF819789F000053CEB0;
			remoteInfo = OHSApp;
		};
/* End PBXContainerItemProxy section */

/* Begin PBXFileReference section */
		A2140710197C72B2004664B9 /* OHSNewsViewController.h */ = {isa = PBXFileReference; fileEncoding = 4; lastKnownFileType = sourcecode.c.h; path = OHSNewsViewController.h; sourceTree = "<group>"; };
		A2140711197C72B2004664B9 /* OHSNewsViewController.m */ = {isa = PBXFileReference; fileEncoding = 4; lastKnownFileType = sourcecode.c.objc; path = OHSNewsViewController.m; sourceTree = "<group>"; };
		A2140713197C7367004664B9 /* OHSNewsArticle.h */ = {isa = PBXFileReference; fileEncoding = 4; lastKnownFileType = sourcecode.c.h; path = OHSNewsArticle.h; sourceTree = "<group>"; };
		A2140714197C7367004664B9 /* OHSNewsArticle.m */ = {isa = PBXFileReference; fileEncoding = 4; lastKnownFileType = sourcecode.c.objc; path = OHSNewsArticle.m; sourceTree = "<group>"; };
		A23F4FF919789F000053CEB0 /* OHSApp.app */ = {isa = PBXFileReference; explicitFileType = wrapper.application; includeInIndex = 0; path = OHSApp.app; sourceTree = BUILT_PRODUCTS_DIR; };
		A23F4FFC19789F000053CEB0 /* Foundation.framework */ = {isa = PBXFileReference; lastKnownFileType = wrapper.framework; name = Foundation.framework; path = System/Library/Frameworks/Foundation.framework; sourceTree = SDKROOT; };
		A23F4FFE19789F000053CEB0 /* CoreGraphics.framework */ = {isa = PBXFileReference; lastKnownFileType = wrapper.framework; name = CoreGraphics.framework; path = System/Library/Frameworks/CoreGraphics.framework; sourceTree = SDKROOT; };
		A23F500019789F000053CEB0 /* UIKit.framework */ = {isa = PBXFileReference; lastKnownFileType = wrapper.framework; name = UIKit.framework; path = System/Library/Frameworks/UIKit.framework; sourceTree = SDKROOT; };
		A23F500419789F000053CEB0 /* OHSApp-Info.plist */ = {isa = PBXFileReference; lastKnownFileType = text.plist.xml; path = "OHSApp-Info.plist"; sourceTree = "<group>"; };
		A23F500619789F000053CEB0 /* en */ = {isa = PBXFileReference; lastKnownFileType = text.plist.strings; name = en; path = en.lproj/InfoPlist.strings; sourceTree = "<group>"; };
		A23F500819789F000053CEB0 /* main.m */ = {isa = PBXFileReference; lastKnownFileType = sourcecode.c.objc; path = main.m; sourceTree = "<group>"; };
		A23F500A19789F000053CEB0 /* OHSApp-Prefix.pch */ = {isa = PBXFileReference; lastKnownFileType = sourcecode.c.h; path = "OHSApp-Prefix.pch"; sourceTree = "<group>"; };
		A23F500B19789F000053CEB0 /* OHSAppDelegate.h */ = {isa = PBXFileReference; lastKnownFileType = sourcecode.c.h; path = OHSAppDelegate.h; sourceTree = "<group>"; };
		A23F500C19789F000053CEB0 /* OHSAppDelegate.m */ = {isa = PBXFileReference; lastKnownFileType = sourcecode.c.objc; path = OHSAppDelegate.m; sourceTree = "<group>"; };
		A23F500F19789F000053CEB0 /* Base */ = {isa = PBXFileReference; lastKnownFileType = file.storyboard; name = Base; path = Base.lproj/Main.storyboard; sourceTree = "<group>"; };
		A23F501719789F000053CEB0 /* Images.xcassets */ = {isa = PBXFileReference; lastKnownFileType = folder.assetcatalog; path = Images.xcassets; sourceTree = "<group>"; };
		A23F501D19789F000053CEB0 /* OHSAppTests.xctest */ = {isa = PBXFileReference; explicitFileType = wrapper.cfbundle; includeInIndex = 0; path = OHSAppTests.xctest; sourceTree = BUILT_PRODUCTS_DIR; };
		A23F501E19789F000053CEB0 /* XCTest.framework */ = {isa = PBXFileReference; lastKnownFileType = wrapper.framework; name = XCTest.framework; path = Library/Frameworks/XCTest.framework; sourceTree = DEVELOPER_DIR; };
		A23F502619789F000053CEB0 /* OHSAppTests-Info.plist */ = {isa = PBXFileReference; lastKnownFileType = text.plist.xml; path = "OHSAppTests-Info.plist"; sourceTree = "<group>"; };
		A23F502819789F000053CEB0 /* en */ = {isa = PBXFileReference; lastKnownFileType = text.plist.strings; name = en; path = en.lproj/InfoPlist.strings; sourceTree = "<group>"; };
		A23F502A19789F000053CEB0 /* OHSAppTests.m */ = {isa = PBXFileReference; lastKnownFileType = sourcecode.c.objc; path = OHSAppTests.m; sourceTree = "<group>"; };
		A251E20F1997BB9200F7946A /* OHSWebsiteViewController.h */ = {isa = PBXFileReference; fileEncoding = 4; lastKnownFileType = sourcecode.c.h; path = OHSWebsiteViewController.h; sourceTree = "<group>"; };
		A251E2101997BB9200F7946A /* OHSWebsiteViewController.m */ = {isa = PBXFileReference; fileEncoding = 4; lastKnownFileType = sourcecode.c.objc; path = OHSWebsiteViewController.m; sourceTree = "<group>"; };
		A251E2141997BDF800F7946A /* OHSCalendarViewController.h */ = {isa = PBXFileReference; fileEncoding = 4; lastKnownFileType = sourcecode.c.h; path = OHSCalendarViewController.h; sourceTree = "<group>"; };
		A251E2151997BDF800F7946A /* OHSCalendarViewController.m */ = {isa = PBXFileReference; fileEncoding = 4; lastKnownFileType = sourcecode.c.objc; path = OHSCalendarViewController.m; sourceTree = "<group>"; };
		A251E2181997C35000F7946A /* OHSMapViewController.h */ = {isa = PBXFileReference; fileEncoding = 4; lastKnownFileType = sourcecode.c.h; path = OHSMapViewController.h; sourceTree = "<group>"; };
		A251E2191997C35000F7946A /* OHSMapViewController.m */ = {isa = PBXFileReference; fileEncoding = 4; lastKnownFileType = sourcecode.c.objc; path = OHSMapViewController.m; sourceTree = "<group>"; };
		A27895C11996D20A000390DC /* OHSArticleViewController.h */ = {isa = PBXFileReference; fileEncoding = 4; lastKnownFileType = sourcecode.c.h; path = OHSArticleViewController.h; sourceTree = "<group>"; };
		A27895C21996D20A000390DC /* OHSArticleViewController.m */ = {isa = PBXFileReference; fileEncoding = 4; lastKnownFileType = sourcecode.c.objc; path = OHSArticleViewController.m; sourceTree = "<group>"; };
		A27895C419970ACF000390DC /* XPathQuery.m */ = {isa = PBXFileReference; fileEncoding = 4; lastKnownFileType = sourcecode.c.objc; path = XPathQuery.m; sourceTree = "<group>"; };
		A27895C519970ACF000390DC /* XPathQuery.h */ = {isa = PBXFileReference; fileEncoding = 4; lastKnownFileType = sourcecode.c.h; path = XPathQuery.h; sourceTree = "<group>"; };
		A27895C619970ACF000390DC /* TFHpple.h */ = {isa = PBXFileReference; fileEncoding = 4; lastKnownFileType = sourcecode.c.h; path = TFHpple.h; sourceTree = "<group>"; };
		A27895C719970ACF000390DC /* TFHpple.m */ = {isa = PBXFileReference; fileEncoding = 4; lastKnownFileType = sourcecode.c.objc; path = TFHpple.m; sourceTree = "<group>"; };
		A27895C819970ACF000390DC /* TFHppleElement.h */ = {isa = PBXFileReference; fileEncoding = 4; lastKnownFileType = sourcecode.c.h; path = TFHppleElement.h; sourceTree = "<group>"; };
		A27895C919970ACF000390DC /* TFHppleElement.m */ = {isa = PBXFileReference; fileEncoding = 4; lastKnownFileType = sourcecode.c.objc; path = TFHppleElement.m; sourceTree = "<group>"; };
		A2F4621919970CFB00F734DA /* libxml2.dylib */ = {isa = PBXFileReference; lastKnownFileType = "compiled.mach-o.dylib"; name = libxml2.dylib; path = usr/lib/libxml2.dylib; sourceTree = SDKROOT; };
/* End PBXFileReference section */

/* Begin PBXFrameworksBuildPhase section */
		A23F4FF619789F000053CEB0 /* Frameworks */ = {
			isa = PBXFrameworksBuildPhase;
			buildActionMask = 2147483647;
			files = (
				A2F4621A19970CFB00F734DA /* libxml2.dylib in Frameworks */,
				A23F4FFF19789F000053CEB0 /* CoreGraphics.framework in Frameworks */,
				A23F500119789F000053CEB0 /* UIKit.framework in Frameworks */,
				A23F4FFD19789F000053CEB0 /* Foundation.framework in Frameworks */,
			);
			runOnlyForDeploymentPostprocessing = 0;
		};
		A23F501A19789F000053CEB0 /* Frameworks */ = {
			isa = PBXFrameworksBuildPhase;
			buildActionMask = 2147483647;
			files = (
				A23F501F19789F000053CEB0 /* XCTest.framework in Frameworks */,
				A23F502119789F000053CEB0 /* UIKit.framework in Frameworks */,
				A23F502019789F000053CEB0 /* Foundation.framework in Frameworks */,
			);
			runOnlyForDeploymentPostprocessing = 0;
		};
/* End PBXFrameworksBuildPhase section */

/* Begin PBXGroup section */
		A23F4FF019789F000053CEB0 = {
			isa = PBXGroup;
			children = (
				A23F500219789F000053CEB0 /* OHSApp */,
				A23F502419789F000053CEB0 /* OHSAppTests */,
				A23F4FFB19789F000053CEB0 /* Frameworks */,
				A23F4FFA19789F000053CEB0 /* Products */,
			);
			sourceTree = "<group>";
		};
		A23F4FFA19789F000053CEB0 /* Products */ = {
			isa = PBXGroup;
			children = (
				A23F4FF919789F000053CEB0 /* OHSApp.app */,
				A23F501D19789F000053CEB0 /* OHSAppTests.xctest */,
			);
			name = Products;
			sourceTree = "<group>";
		};
		A23F4FFB19789F000053CEB0 /* Frameworks */ = {
			isa = PBXGroup;
			children = (
				A2F4621919970CFB00F734DA /* libxml2.dylib */,
				A23F4FFC19789F000053CEB0 /* Foundation.framework */,
				A23F4FFE19789F000053CEB0 /* CoreGraphics.framework */,
				A23F500019789F000053CEB0 /* UIKit.framework */,
				A23F501E19789F000053CEB0 /* XCTest.framework */,
			);
			name = Frameworks;
			sourceTree = "<group>";
		};
		A23F500219789F000053CEB0 /* OHSApp */ = {
			isa = PBXGroup;
			children = (
				A27895CD19970ADE000390DC /* Hpple */,
				A23F500B19789F000053CEB0 /* OHSAppDelegate.h */,
				A23F500C19789F000053CEB0 /* OHSAppDelegate.m */,
				A251E2121997BDC700F7946A /* News */,
				A251E2131997BDDE00F7946A /* Website */,
				A251E2171997BFCE00F7946A /* Calendar */,
				A251E2181997C35000F7946A /* OHSMapViewController.h */,
				A251E2191997C35000F7946A /* OHSMapViewController.m */,
				A23F500E19789F000053CEB0 /* Main.storyboard */,
				A23F501719789F000053CEB0 /* Images.xcassets */,
				A23F500319789F000053CEB0 /* Supporting Files */,
			);
			path = OHSApp;
			sourceTree = "<group>";
		};
		A23F500319789F000053CEB0 /* Supporting Files */ = {
			isa = PBXGroup;
			children = (
				A23F500419789F000053CEB0 /* OHSApp-Info.plist */,
				A23F500519789F000053CEB0 /* InfoPlist.strings */,
				A23F500819789F000053CEB0 /* main.m */,
				A23F500A19789F000053CEB0 /* OHSApp-Prefix.pch */,
			);
			name = "Supporting Files";
			sourceTree = "<group>";
		};
		A23F502419789F000053CEB0 /* OHSAppTests */ = {
			isa = PBXGroup;
			children = (
				A23F502A19789F000053CEB0 /* OHSAppTests.m */,
				A23F502519789F000053CEB0 /* Supporting Files */,
			);
			path = OHSAppTests;
			sourceTree = "<group>";
		};
		A23F502519789F000053CEB0 /* Supporting Files */ = {
			isa = PBXGroup;
			children = (
				A23F502619789F000053CEB0 /* OHSAppTests-Info.plist */,
				A23F502719789F000053CEB0 /* InfoPlist.strings */,
			);
			name = "Supporting Files";
			sourceTree = "<group>";
		};
		A251E2121997BDC700F7946A /* News */ = {
			isa = PBXGroup;
			children = (
				A27895C11996D20A000390DC /* OHSArticleViewController.h */,
				A27895C21996D20A000390DC /* OHSArticleViewController.m */,
				A2140710197C72B2004664B9 /* OHSNewsViewController.h */,
				A2140711197C72B2004664B9 /* OHSNewsViewController.m */,
				A2140713197C7367004664B9 /* OHSNewsArticle.h */,
				A2140714197C7367004664B9 /* OHSNewsArticle.m */,
			);
			name = News;
			sourceTree = "<group>";
		};
		A251E2131997BDDE00F7946A /* Website */ = {
			isa = PBXGroup;
			children = (
				A251E20F1997BB9200F7946A /* OHSWebsiteViewController.h */,
				A251E2101997BB9200F7946A /* OHSWebsiteViewController.m */,
			);
			name = Website;
			sourceTree = "<group>";
		};
		A251E2171997BFCE00F7946A /* Calendar */ = {
			isa = PBXGroup;
			children = (
				A251E2141997BDF800F7946A /* OHSCalendarViewController.h */,
				A251E2151997BDF800F7946A /* OHSCalendarViewController.m */,
			);
			name = Calendar;
			sourceTree = "<group>";
		};
		A27895CD19970ADE000390DC /* Hpple */ = {
			isa = PBXGroup;
			children = (
				A27895CE19970AE6000390DC /* XPath */,
				A27895C619970ACF000390DC /* TFHpple.h */,
				A27895C719970ACF000390DC /* TFHpple.m */,
				A27895C819970ACF000390DC /* TFHppleElement.h */,
				A27895C919970ACF000390DC /* TFHppleElement.m */,
			);
			name = Hpple;
			sourceTree = "<group>";
		};
		A27895CE19970AE6000390DC /* XPath */ = {
			isa = PBXGroup;
			children = (
				A27895C419970ACF000390DC /* XPathQuery.m */,
				A27895C519970ACF000390DC /* XPathQuery.h */,
			);
			name = XPath;
			sourceTree = "<group>";
		};
/* End PBXGroup section */

/* Begin PBXNativeTarget section */
		A23F4FF819789F000053CEB0 /* OHSApp */ = {
			isa = PBXNativeTarget;
			buildConfigurationList = A23F502E19789F000053CEB0 /* Build configuration list for PBXNativeTarget "OHSApp" */;
			buildPhases = (
				A23F4FF519789F000053CEB0 /* Sources */,
				A23F4FF619789F000053CEB0 /* Frameworks */,
				A23F4FF719789F000053CEB0 /* Resources */,
			);
			buildRules = (
			);
			dependencies = (
			);
			name = OHSApp;
			productName = OHSApp;
			productReference = A23F4FF919789F000053CEB0 /* OHSApp.app */;
			productType = "com.apple.product-type.application";
		};
		A23F501C19789F000053CEB0 /* OHSAppTests */ = {
			isa = PBXNativeTarget;
			buildConfigurationList = A23F503119789F000053CEB0 /* Build configuration list for PBXNativeTarget "OHSAppTests" */;
			buildPhases = (
				A23F501919789F000053CEB0 /* Sources */,
				A23F501A19789F000053CEB0 /* Frameworks */,
				A23F501B19789F000053CEB0 /* Resources */,
			);
			buildRules = (
			);
			dependencies = (
				A23F502319789F000053CEB0 /* PBXTargetDependency */,
			);
			name = OHSAppTests;
			productName = OHSAppTests;
			productReference = A23F501D19789F000053CEB0 /* OHSAppTests.xctest */;
			productType = "com.apple.product-type.bundle.unit-test";
		};
/* End PBXNativeTarget section */

/* Begin PBXProject section */
		A23F4FF119789F000053CEB0 /* Project object */ = {
			isa = PBXProject;
			attributes = {
				CLASSPREFIX = OHS;
				LastUpgradeCheck = 0510;
				ORGANIZATIONNAME = "Oakmont High School";
				TargetAttributes = {
					A23F501C19789F000053CEB0 = {
						TestTargetID = A23F4FF819789F000053CEB0;
					};
				};
			};
			buildConfigurationList = A23F4FF419789F000053CEB0 /* Build configuration list for PBXProject "OHSApp" */;
			compatibilityVersion = "Xcode 3.2";
			developmentRegion = English;
			hasScannedForEncodings = 0;
			knownRegions = (
				en,
				Base,
			);
			mainGroup = A23F4FF019789F000053CEB0;
			productRefGroup = A23F4FFA19789F000053CEB0 /* Products */;
			projectDirPath = "";
			projectRoot = "";
			targets = (
				A23F4FF819789F000053CEB0 /* OHSApp */,
				A23F501C19789F000053CEB0 /* OHSAppTests */,
			);
		};
/* End PBXProject section */

/* Begin PBXResourcesBuildPhase section */
		A23F4FF719789F000053CEB0 /* Resources */ = {
			isa = PBXResourcesBuildPhase;
			buildActionMask = 2147483647;
			files = (
				A23F501819789F000053CEB0 /* Images.xcassets in Resources */,
				A23F500719789F000053CEB0 /* InfoPlist.strings in Resources */,
				A23F501019789F000053CEB0 /* Main.storyboard in Resources */,
			);
			runOnlyForDeploymentPostprocessing = 0;
		};
		A23F501B19789F000053CEB0 /* Resources */ = {
			isa = PBXResourcesBuildPhase;
			buildActionMask = 2147483647;
			files = (
				A23F502919789F000053CEB0 /* InfoPlist.strings in Resources */,
			);
			runOnlyForDeploymentPostprocessing = 0;
		};
/* End PBXResourcesBuildPhase section */

/* Begin PBXSourcesBuildPhase section */
		A23F4FF519789F000053CEB0 /* Sources */ = {
			isa = PBXSourcesBuildPhase;
			buildActionMask = 2147483647;
			files = (
				A27895CC19970ACF000390DC /* TFHppleElement.m in Sources */,
				A23F500919789F000053CEB0 /* main.m in Sources */,
				A23F500D19789F000053CEB0 /* OHSAppDelegate.m in Sources */,
				A251E2161997BDF800F7946A /* OHSCalendarViewController.m in Sources */,
				A27895C31996D20A000390DC /* OHSArticleViewController.m in Sources */,
				A251E21A1997C35000F7946A /* OHSMapViewController.m in Sources */,
				A251E2111997BB9200F7946A /* OHSWebsiteViewController.m in Sources */,
				A27895CB19970ACF000390DC /* TFHpple.m in Sources */,
				A2140715197C7367004664B9 /* OHSNewsArticle.m in Sources */,
				A27895CA19970ACF000390DC /* XPathQuery.m in Sources */,
				A2140712197C72B2004664B9 /* OHSNewsViewController.m in Sources */,
			);
			runOnlyForDeploymentPostprocessing = 0;
		};
		A23F501919789F000053CEB0 /* Sources */ = {
			isa = PBXSourcesBuildPhase;
			buildActionMask = 2147483647;
			files = (
				A23F502B19789F000053CEB0 /* OHSAppTests.m in Sources */,
			);
			runOnlyForDeploymentPostprocessing = 0;
		};
/* End PBXSourcesBuildPhase section */

/* Begin PBXTargetDependency section */
		A23F502319789F000053CEB0 /* PBXTargetDependency */ = {
			isa = PBXTargetDependency;
			target = A23F4FF819789F000053CEB0 /* OHSApp */;
			targetProxy = A23F502219789F000053CEB0 /* PBXContainerItemProxy */;
		};
/* End PBXTargetDependency section */

/* Begin PBXVariantGroup section */
		A23F500519789F000053CEB0 /* InfoPlist.strings */ = {
			isa = PBXVariantGroup;
			children = (
				A23F500619789F000053CEB0 /* en */,
			);
			name = InfoPlist.strings;
			sourceTree = "<group>";
		};
		A23F500E19789F000053CEB0 /* Main.storyboard */ = {
			isa = PBXVariantGroup;
			children = (
				A23F500F19789F000053CEB0 /* Base */,
			);
			name = Main.storyboard;
			sourceTree = "<group>";
		};
		A23F502719789F000053CEB0 /* InfoPlist.strings */ = {
			isa = PBXVariantGroup;
			children = (
				A23F502819789F000053CEB0 /* en */,
			);
			name = InfoPlist.strings;
			sourceTree = "<group>";
		};
/* End PBXVariantGroup section */

/* Begin XCBuildConfiguration section */
		A23F502C19789F000053CEB0 /* Debug */ = {
			isa = XCBuildConfiguration;
			buildSettings = {
				ALWAYS_SEARCH_USER_PATHS = NO;
				CLANG_CXX_LANGUAGE_STANDARD = "gnu++0x";
				CLANG_CXX_LIBRARY = "libc++";
				CLANG_ENABLE_MODULES = YES;
				CLANG_ENABLE_OBJC_ARC = YES;
				CLANG_WARN_BOOL_CONVERSION = YES;
				CLANG_WARN_CONSTANT_CONVERSION = YES;
				CLANG_WARN_DIRECT_OBJC_ISA_USAGE = YES_ERROR;
				CLANG_WARN_EMPTY_BODY = YES;
				CLANG_WARN_ENUM_CONVERSION = YES;
				CLANG_WARN_INT_CONVERSION = YES;
				CLANG_WARN_OBJC_ROOT_CLASS = YES_ERROR;
				CLANG_WARN__DUPLICATE_METHOD_MATCH = YES;
				"CODE_SIGN_IDENTITY[sdk=iphoneos*]" = "iPhone Developer";
				COPY_PHASE_STRIP = NO;
				GCC_C_LANGUAGE_STANDARD = gnu99;
				GCC_DYNAMIC_NO_PIC = NO;
				GCC_OPTIMIZATION_LEVEL = 0;
				GCC_PREPROCESSOR_DEFINITIONS = (
					"DEBUG=1",
					"$(inherited)",
				);
				GCC_SYMBOLS_PRIVATE_EXTERN = NO;
				GCC_WARN_64_TO_32_BIT_CONVERSION = YES;
				GCC_WARN_ABOUT_RETURN_TYPE = YES_ERROR;
				GCC_WARN_UNDECLARED_SELECTOR = YES;
				GCC_WARN_UNINITIALIZED_AUTOS = YES_AGGRESSIVE;
				GCC_WARN_UNUSED_FUNCTION = YES;
				GCC_WARN_UNUSED_VARIABLE = YES;
				IPHONEOS_DEPLOYMENT_TARGET = 7.1;
				ONLY_ACTIVE_ARCH = YES;
				SDKROOT = iphoneos;
			};
			name = Debug;
		};
		A23F502D19789F000053CEB0 /* Release */ = {
			isa = XCBuildConfiguration;
			buildSettings = {
				ALWAYS_SEARCH_USER_PATHS = NO;
				CLANG_CXX_LANGUAGE_STANDARD = "gnu++0x";
				CLANG_CXX_LIBRARY = "libc++";
				CLANG_ENABLE_MODULES = YES;
				CLANG_ENABLE_OBJC_ARC = YES;
				CLANG_WARN_BOOL_CONVERSION = YES;
				CLANG_WARN_CONSTANT_CONVERSION = YES;
				CLANG_WARN_DIRECT_OBJC_ISA_USAGE = YES_ERROR;
				CLANG_WARN_EMPTY_BODY = YES;
				CLANG_WARN_ENUM_CONVERSION = YES;
				CLANG_WARN_INT_CONVERSION = YES;
				CLANG_WARN_OBJC_ROOT_CLASS = YES_ERROR;
				CLANG_WARN__DUPLICATE_METHOD_MATCH = YES;
				"CODE_SIGN_IDENTITY[sdk=iphoneos*]" = "iPhone Developer";
				COPY_PHASE_STRIP = YES;
				ENABLE_NS_ASSERTIONS = NO;
				GCC_C_LANGUAGE_STANDARD = gnu99;
				GCC_WARN_64_TO_32_BIT_CONVERSION = YES;
				GCC_WARN_ABOUT_RETURN_TYPE = YES_ERROR;
				GCC_WARN_UNDECLARED_SELECTOR = YES;
				GCC_WARN_UNINITIALIZED_AUTOS = YES_AGGRESSIVE;
				GCC_WARN_UNUSED_FUNCTION = YES;
				GCC_WARN_UNUSED_VARIABLE = YES;
				IPHONEOS_DEPLOYMENT_TARGET = 7.1;
				SDKROOT = iphoneos;
				VALIDATE_PRODUCT = YES;
			};
			name = Release;
		};
		A23F502F19789F000053CEB0 /* Debug */ = {
			isa = XCBuildConfiguration;
			buildSettings = {
				ASSETCATALOG_COMPILER_APPICON_NAME = AppIcon;
				ASSETCATALOG_COMPILER_LAUNCHIMAGE_NAME = LaunchImage;
				CODE_SIGN_IDENTITY = "iPhone Developer";
				GCC_PRECOMPILE_PREFIX_HEADER = YES;
				GCC_PREFIX_HEADER = "OHSApp/OHSApp-Prefix.pch";
				HEADER_SEARCH_PATHS = (
					"$(inherited)",
					/Applications/Xcode.app/Contents/Developer/Toolchains/XcodeDefault.xctoolchain/usr/include,
					"$(SDKROOT)/usr/include/libxml2",
				);
				INFOPLIST_FILE = "OHSApp/OHSApp-Info.plist";
				PRODUCT_NAME = "$(TARGET_NAME)";
				USER_HEADER_SEARCH_PATHS = "";
				WRAPPER_EXTENSION = app;
			};
			name = Debug;
		};
		A23F503019789F000053CEB0 /* Release */ = {
			isa = XCBuildConfiguration;
			buildSettings = {
				ASSETCATALOG_COMPILER_APPICON_NAME = AppIcon;
				ASSETCATALOG_COMPILER_LAUNCHIMAGE_NAME = LaunchImage;
				CODE_SIGN_IDENTITY = "iPhone Developer";
				GCC_PRECOMPILE_PREFIX_HEADER = YES;
				GCC_PREFIX_HEADER = "OHSApp/OHSApp-Prefix.pch";
				HEADER_SEARCH_PATHS = (
					"$(inherited)",
					/Applications/Xcode.app/Contents/Developer/Toolchains/XcodeDefault.xctoolchain/usr/include,
					"$(SDKROOT)/usr/include/libxml2",
				);
				INFOPLIST_FILE = "OHSApp/OHSApp-Info.plist";
				PRODUCT_NAME = "$(TARGET_NAME)";
				USER_HEADER_SEARCH_PATHS = "";
				WRAPPER_EXTENSION = app;
			};
			name = Release;
		};
		A23F503219789F000053CEB0 /* Debug */ = {
			isa = XCBuildConfiguration;
			buildSettings = {
				BUNDLE_LOADER = "$(BUILT_PRODUCTS_DIR)/OHSApp.app/OHSApp";
				FRAMEWORK_SEARCH_PATHS = (
					"$(SDKROOT)/Developer/Library/Frameworks",
					"$(inherited)",
					"$(DEVELOPER_FRAMEWORKS_DIR)",
				);
				GCC_PRECOMPILE_PREFIX_HEADER = YES;
				GCC_PREFIX_HEADER = "OHSApp/OHSApp-Prefix.pch";
				GCC_PREPROCESSOR_DEFINITIONS = (
					"DEBUG=1",
					"$(inherited)",
				);
				INFOPLIST_FILE = "OHSAppTests/OHSAppTests-Info.plist";
				PRODUCT_NAME = "$(TARGET_NAME)";
				TEST_HOST = "$(BUNDLE_LOADER)";
				WRAPPER_EXTENSION = xctest;
			};
			name = Debug;
		};
		A23F503319789F000053CEB0 /* Release */ = {
			isa = XCBuildConfiguration;
			buildSettings = {
				BUNDLE_LOADER = "$(BUILT_PRODUCTS_DIR)/OHSApp.app/OHSApp";
				FRAMEWORK_SEARCH_PATHS = (
					"$(SDKROOT)/Developer/Library/Frameworks",
					"$(inherited)",
					"$(DEVELOPER_FRAMEWORKS_DIR)",
				);
				GCC_PRECOMPILE_PREFIX_HEADER = YES;
				GCC_PREFIX_HEADER = "OHSApp/OHSApp-Prefix.pch";
				INFOPLIST_FILE = "OHSAppTests/OHSAppTests-Info.plist";
				PRODUCT_NAME = "$(TARGET_NAME)";
				TEST_HOST = "$(BUNDLE_LOADER)";
				WRAPPER_EXTENSION = xctest;
			};
			name = Release;
		};
/* End XCBuildConfiguration section */

/* Begin XCConfigurationList section */
		A23F4FF419789F000053CEB0 /* Build configuration list for PBXProject "OHSApp" */ = {
			isa = XCConfigurationList;
			buildConfigurations = (
				A23F502C19789F000053CEB0 /* Debug */,
				A23F502D19789F000053CEB0 /* Release */,
			);
			defaultConfigurationIsVisible = 0;
			defaultConfigurationName = Release;
		};
		A23F502E19789F000053CEB0 /* Build configuration list for PBXNativeTarget "OHSApp" */ = {
			isa = XCConfigurationList;
			buildConfigurations = (
				A23F502F19789F000053CEB0 /* Debug */,
				A23F503019789F000053CEB0 /* Release */,
			);
			defaultConfigurationIsVisible = 0;
			defaultConfigurationName = Release;
		};
		A23F503119789F000053CEB0 /* Build configuration list for PBXNativeTarget "OHSAppTests" */ = {
			isa = XCConfigurationList;
			buildConfigurations = (
				A23F503219789F000053CEB0 /* Debug */,
				A23F503319789F000053CEB0 /* Release */,
			);
			defaultConfigurationIsVisible = 0;
			defaultConfigurationName = Release;
		};
/* End XCConfigurationList section */
	};
	rootObject = A23F4FF119789F000053CEB0 /* Project object */;
}
